
Microsoft Visual Studio Solution File, Format Version 12.00
# Visual Studio 15
VisualStudioVersion = 15.0.27703.2042
MinimumVisualStudioVersion = 10.0.40219.1
Project("{FAE04EC0-301F-11D3-BF4B-00C04F79EFBC}") = "Collections2Seven", "Collections2Seven\Collections2Seven.csproj", "{444B7E67-BAA6-4CBC-AACF-F6F8FE2BE308}"
EndProject
Global
	GlobalSection(SolutionConfigurationPlatforms) = preSolution
		Debug|Any CPU = Debug|Any CPU
		Release|Any CPU = Release|Any CPU
	EndGlobalSection
	GlobalSection(ProjectConfigurationPlatforms) = postSolution
		{444B7E67-BAA6-4CBC-AACF-F6F8FE2BE308}.Debug|Any CPU.ActiveCfg = Debug|Any CPU
		{444B7E67-BAA6-4CBC-AACF-F6F8FE2BE308}.Debug|Any CPU.Build.0 = Debug|Any CPU
		{444B7E67-BAA6-4CBC-AACF-F6F8FE2BE308}.Release|Any CPU.ActiveCfg = Release|Any CPU
		{444B7E67-BAA6-4CBC-AACF-F6F8FE2BE308}.Release|Any CPU.Build.0 = Release|Any CPU
	EndGlobalSection
	GlobalSection(SolutionProperties) = preSolution
		HideSolutionNode = FALSE
	EndGlobalSection
	GlobalSection(ExtensibilityGlobals) = postSolution
		SolutionGuid = {1C714D34-B54D-406F-B834-D84AAE179331}
	EndGlobalSection
EndGlobal
