
Microsoft Visual Studio Solution File, Format Version 12.00
# Visual Studio 15
VisualStudioVersion = 15.0.27703.2042
MinimumVisualStudioVersion = 10.0.40219.1
Project("{FAE04EC0-301F-11D3-BF4B-00C04F79EFBC}") = "BookMyRoomNew", "BookMyRoomNew\BookMyRoomNew.csproj", "{300F5119-9051-462D-A161-55D6A79D59DE}"
EndProject
Project("{FAE04EC0-301F-11D3-BF4B-00C04F79EFBC}") = "BookMyRoom.BusinessLayer", "BookMyRoom.BusinessLayer\BookMyRoom.BusinessLayer.csproj", "{27AAB145-3F98-4697-BEB2-DF291A7D6FE1}"
EndProject
Project("{FAE04EC0-301F-11D3-BF4B-00C04F79EFBC}") = "BookMyRoom.DataAccessLayer", "BookMyRoom.DataAccessLayer\BookMyRoom.DataAccessLayer.csproj", "{5F37BDB2-1115-4151-95CE-F63428DCCC4E}"
EndProject
Project("{FAE04EC0-301F-11D3-BF4B-00C04F79EFBC}") = "BookMyRoom.Entities", "BookMyRoom.Entities\BookMyRoom.Entities.csproj", "{7A23D825-1FFD-4213-A10C-FD6B8445925F}"
EndProject
Global
	GlobalSection(SolutionConfigurationPlatforms) = preSolution
		Debug|Any CPU = Debug|Any CPU
		Release|Any CPU = Release|Any CPU
	EndGlobalSection
	GlobalSection(ProjectConfigurationPlatforms) = postSolution
		{300F5119-9051-462D-A161-55D6A79D59DE}.Debug|Any CPU.ActiveCfg = Debug|Any CPU
		{300F5119-9051-462D-A161-55D6A79D59DE}.Debug|Any CPU.Build.0 = Debug|Any CPU
		{300F5119-9051-462D-A161-55D6A79D59DE}.Release|Any CPU.ActiveCfg = Release|Any CPU
		{300F5119-9051-462D-A161-55D6A79D59DE}.Release|Any CPU.Build.0 = Release|Any CPU
		{27AAB145-3F98-4697-BEB2-DF291A7D6FE1}.Debug|Any CPU.ActiveCfg = Debug|Any CPU
		{27AAB145-3F98-4697-BEB2-DF291A7D6FE1}.Debug|Any CPU.Build.0 = Debug|Any CPU
		{27AAB145-3F98-4697-BEB2-DF291A7D6FE1}.Release|Any CPU.ActiveCfg = Release|Any CPU
		{27AAB145-3F98-4697-BEB2-DF291A7D6FE1}.Release|Any CPU.Build.0 = Release|Any CPU
		{5F37BDB2-1115-4151-95CE-F63428DCCC4E}.Debug|Any CPU.ActiveCfg = Debug|Any CPU
		{5F37BDB2-1115-4151-95CE-F63428DCCC4E}.Debug|Any CPU.Build.0 = Debug|Any CPU
		{5F37BDB2-1115-4151-95CE-F63428DCCC4E}.Release|Any CPU.ActiveCfg = Release|Any CPU
		{5F37BDB2-1115-4151-95CE-F63428DCCC4E}.Release|Any CPU.Build.0 = Release|Any CPU
		{7A23D825-1FFD-4213-A10C-FD6B8445925F}.Debug|Any CPU.ActiveCfg = Debug|Any CPU
		{7A23D825-1FFD-4213-A10C-FD6B8445925F}.Debug|Any CPU.Build.0 = Debug|Any CPU
		{7A23D825-1FFD-4213-A10C-FD6B8445925F}.Release|Any CPU.ActiveCfg = Release|Any CPU
		{7A23D825-1FFD-4213-A10C-FD6B8445925F}.Release|Any CPU.Build.0 = Release|Any CPU
	EndGlobalSection
	GlobalSection(SolutionProperties) = preSolution
		HideSolutionNode = FALSE
	EndGlobalSection
	GlobalSection(ExtensibilityGlobals) = postSolution
		SolutionGuid = {963BA21D-D15C-4970-BA0F-216A3A328DCB}
	EndGlobalSection
EndGlobal
