
Microsoft Visual Studio Solution File, Format Version 12.00
# Visual Studio 15
VisualStudioVersion = 15.0.27703.2042
MinimumVisualStudioVersion = 10.0.40219.1
Project("{FAE04EC0-301F-11D3-BF4B-00C04F79EFBC}") = "BookMyRoom", "ProjectThreeTier\BookMyRoom.csproj", "{18570915-8B28-450B-BA4F-3FF2D2AD9F9C}"
EndProject
Project("{FAE04EC0-301F-11D3-BF4B-00C04F79EFBC}") = "BookMyRoom.BusinessLayer", "BookMyRoom.BusinessLayer\BookMyRoom.BusinessLayer.csproj", "{7D22EC66-E8D5-45D0-8DF0-9CF2C09B0743}"
EndProject
Project("{FAE04EC0-301F-11D3-BF4B-00C04F79EFBC}") = "BookMyRoom.DataAccessLayer", "BookMyRoom.DataAccessLayer\BookMyRoom.DataAccessLayer.csproj", "{9180C3BE-458F-4AE9-9B94-F3607AAEDF96}"
EndProject
Project("{FAE04EC0-301F-11D3-BF4B-00C04F79EFBC}") = "BookMyRoom.Entities", "BookMyRoom.Entities\BookMyRoom.Entities.csproj", "{6E2DC8D7-75AB-404A-9072-142A6CFFB7F3}"
EndProject
Global
	GlobalSection(SolutionConfigurationPlatforms) = preSolution
		Debug|Any CPU = Debug|Any CPU
		Release|Any CPU = Release|Any CPU
	EndGlobalSection
	GlobalSection(ProjectConfigurationPlatforms) = postSolution
		{18570915-8B28-450B-BA4F-3FF2D2AD9F9C}.Debug|Any CPU.ActiveCfg = Debug|Any CPU
		{18570915-8B28-450B-BA4F-3FF2D2AD9F9C}.Debug|Any CPU.Build.0 = Debug|Any CPU
		{18570915-8B28-450B-BA4F-3FF2D2AD9F9C}.Release|Any CPU.ActiveCfg = Release|Any CPU
		{18570915-8B28-450B-BA4F-3FF2D2AD9F9C}.Release|Any CPU.Build.0 = Release|Any CPU
		{7D22EC66-E8D5-45D0-8DF0-9CF2C09B0743}.Debug|Any CPU.ActiveCfg = Debug|Any CPU
		{7D22EC66-E8D5-45D0-8DF0-9CF2C09B0743}.Debug|Any CPU.Build.0 = Debug|Any CPU
		{7D22EC66-E8D5-45D0-8DF0-9CF2C09B0743}.Release|Any CPU.ActiveCfg = Release|Any CPU
		{7D22EC66-E8D5-45D0-8DF0-9CF2C09B0743}.Release|Any CPU.Build.0 = Release|Any CPU
		{9180C3BE-458F-4AE9-9B94-F3607AAEDF96}.Debug|Any CPU.ActiveCfg = Debug|Any CPU
		{9180C3BE-458F-4AE9-9B94-F3607AAEDF96}.Debug|Any CPU.Build.0 = Debug|Any CPU
		{9180C3BE-458F-4AE9-9B94-F3607AAEDF96}.Release|Any CPU.ActiveCfg = Release|Any CPU
		{9180C3BE-458F-4AE9-9B94-F3607AAEDF96}.Release|Any CPU.Build.0 = Release|Any CPU
		{6E2DC8D7-75AB-404A-9072-142A6CFFB7F3}.Debug|Any CPU.ActiveCfg = Debug|Any CPU
		{6E2DC8D7-75AB-404A-9072-142A6CFFB7F3}.Debug|Any CPU.Build.0 = Debug|Any CPU
		{6E2DC8D7-75AB-404A-9072-142A6CFFB7F3}.Release|Any CPU.ActiveCfg = Release|Any CPU
		{6E2DC8D7-75AB-404A-9072-142A6CFFB7F3}.Release|Any CPU.Build.0 = Release|Any CPU
	EndGlobalSection
	GlobalSection(SolutionProperties) = preSolution
		HideSolutionNode = FALSE
	EndGlobalSection
	GlobalSection(ExtensibilityGlobals) = postSolution
		SolutionGuid = {04D12289-3717-4A33-BDF5-A7358FE40431}
	EndGlobalSection
EndGlobal
