
Microsoft Visual Studio Solution File, Format Version 12.00
# Visual Studio 15
VisualStudioVersion = 15.0.27703.2042
MinimumVisualStudioVersion = 10.0.40219.1
Project("{FAE04EC0-301F-11D3-BF4B-00C04F79EFBC}") = "DictionaryConsole", "DictionaryConsole\DictionaryConsole.csproj", "{7CE3D833-B4DA-4DCB-B265-94208705A3F2}"
EndProject
Project("{FAE04EC0-301F-11D3-BF4B-00C04F79EFBC}") = "StudentEntity", "StudentEntity\StudentEntity.csproj", "{6BFDEBCD-7C5A-4170-836E-E9807D75F1F7}"
EndProject
Project("{FAE04EC0-301F-11D3-BF4B-00C04F79EFBC}") = "Business", "Business\Business.csproj", "{F01A9ADE-54C2-425E-ADF7-850F7FBCC470}"
EndProject
Project("{FAE04EC0-301F-11D3-BF4B-00C04F79EFBC}") = "Database", "Presentation\Database.csproj", "{A9E20FAB-3F7C-4A2F-B344-284F0F68B850}"
EndProject
Global
	GlobalSection(SolutionConfigurationPlatforms) = preSolution
		Debug|Any CPU = Debug|Any CPU
		Release|Any CPU = Release|Any CPU
	EndGlobalSection
	GlobalSection(ProjectConfigurationPlatforms) = postSolution
		{7CE3D833-B4DA-4DCB-B265-94208705A3F2}.Debug|Any CPU.ActiveCfg = Debug|Any CPU
		{7CE3D833-B4DA-4DCB-B265-94208705A3F2}.Debug|Any CPU.Build.0 = Debug|Any CPU
		{7CE3D833-B4DA-4DCB-B265-94208705A3F2}.Release|Any CPU.ActiveCfg = Release|Any CPU
		{7CE3D833-B4DA-4DCB-B265-94208705A3F2}.Release|Any CPU.Build.0 = Release|Any CPU
		{6BFDEBCD-7C5A-4170-836E-E9807D75F1F7}.Debug|Any CPU.ActiveCfg = Debug|Any CPU
		{6BFDEBCD-7C5A-4170-836E-E9807D75F1F7}.Debug|Any CPU.Build.0 = Debug|Any CPU
		{6BFDEBCD-7C5A-4170-836E-E9807D75F1F7}.Release|Any CPU.ActiveCfg = Release|Any CPU
		{6BFDEBCD-7C5A-4170-836E-E9807D75F1F7}.Release|Any CPU.Build.0 = Release|Any CPU
		{F01A9ADE-54C2-425E-ADF7-850F7FBCC470}.Debug|Any CPU.ActiveCfg = Debug|Any CPU
		{F01A9ADE-54C2-425E-ADF7-850F7FBCC470}.Debug|Any CPU.Build.0 = Debug|Any CPU
		{F01A9ADE-54C2-425E-ADF7-850F7FBCC470}.Release|Any CPU.ActiveCfg = Release|Any CPU
		{F01A9ADE-54C2-425E-ADF7-850F7FBCC470}.Release|Any CPU.Build.0 = Release|Any CPU
		{A9E20FAB-3F7C-4A2F-B344-284F0F68B850}.Debug|Any CPU.ActiveCfg = Debug|Any CPU
		{A9E20FAB-3F7C-4A2F-B344-284F0F68B850}.Debug|Any CPU.Build.0 = Debug|Any CPU
		{A9E20FAB-3F7C-4A2F-B344-284F0F68B850}.Release|Any CPU.ActiveCfg = Release|Any CPU
		{A9E20FAB-3F7C-4A2F-B344-284F0F68B850}.Release|Any CPU.Build.0 = Release|Any CPU
	EndGlobalSection
	GlobalSection(SolutionProperties) = preSolution
		HideSolutionNode = FALSE
	EndGlobalSection
	GlobalSection(ExtensibilityGlobals) = postSolution
		SolutionGuid = {618587A5-AE48-4194-9565-FD5990AE3813}
	EndGlobalSection
EndGlobal
