
Microsoft Visual Studio Solution File, Format Version 12.00
# Visual Studio 15
VisualStudioVersion = 15.0.27703.2042
MinimumVisualStudioVersion = 10.0.40219.1
Project("{FAE04EC0-301F-11D3-BF4B-00C04F79EFBC}") = "WebFormDemo", "WebFormDemo\WebFormDemo.csproj", "{34C23A07-CBF2-41FB-8534-DDEFF7CAC94D}"
EndProject
Global
	GlobalSection(SolutionConfigurationPlatforms) = preSolution
		Debug|Any CPU = Debug|Any CPU
		Release|Any CPU = Release|Any CPU
	EndGlobalSection
	GlobalSection(ProjectConfigurationPlatforms) = postSolution
		{34C23A07-CBF2-41FB-8534-DDEFF7CAC94D}.Debug|Any CPU.ActiveCfg = Debug|Any CPU
		{34C23A07-CBF2-41FB-8534-DDEFF7CAC94D}.Debug|Any CPU.Build.0 = Debug|Any CPU
		{34C23A07-CBF2-41FB-8534-DDEFF7CAC94D}.Release|Any CPU.ActiveCfg = Release|Any CPU
		{34C23A07-CBF2-41FB-8534-DDEFF7CAC94D}.Release|Any CPU.Build.0 = Release|Any CPU
	EndGlobalSection
	GlobalSection(SolutionProperties) = preSolution
		HideSolutionNode = FALSE
	EndGlobalSection
	GlobalSection(ExtensibilityGlobals) = postSolution
		SolutionGuid = {8CB31512-A4D2-42D5-85C9-CABF3557C8A0}
	EndGlobalSection
EndGlobal
